
Microsoft Visual Studio Solution File, Format Version 12.00
# Visual Studio Version 16
VisualStudioVersion = 16.0.31729.503
MinimumVisualStudioVersion = 10.0.40219.1
Project("{FAE04EC0-301F-11D3-BF4B-00C04F79EFBC}") = "HamnavaKala", "HamnavaKala\HamnavaKala.csproj", "{C1E935D6-617F-415B-8FAB-6C8248D9AC7E}"
EndProject
Project("{FAE04EC0-301F-11D3-BF4B-00C04F79EFBC}") = "HamnavaKala.DataLayer", "HamnavaKala.DataLayer\HamnavaKala.DataLayer.csproj", "{7C4974E6-D145-4916-B174-A8863D61CE47}"
EndProject
Project("{FAE04EC0-301F-11D3-BF4B-00C04F79EFBC}") = "HamnavaKala.Core", "HamnavaKala.Core\HamnavaKala.Core.csproj", "{3261D613-73B1-45C7-A690-B52157F26FC4}"
EndProject
Global
	GlobalSection(SolutionConfigurationPlatforms) = preSolution
		Debug|Any CPU = Debug|Any CPU
		Release|Any CPU = Release|Any CPU
	EndGlobalSection
	GlobalSection(ProjectConfigurationPlatforms) = postSolution
		{C1E935D6-617F-415B-8FAB-6C8248D9AC7E}.Debug|Any CPU.ActiveCfg = Debug|Any CPU
		{C1E935D6-617F-415B-8FAB-6C8248D9AC7E}.Debug|Any CPU.Build.0 = Debug|Any CPU
		{C1E935D6-617F-415B-8FAB-6C8248D9AC7E}.Release|Any CPU.ActiveCfg = Release|Any CPU
		{C1E935D6-617F-415B-8FAB-6C8248D9AC7E}.Release|Any CPU.Build.0 = Release|Any CPU
		{7C4974E6-D145-4916-B174-A8863D61CE47}.Debug|Any CPU.ActiveCfg = Debug|Any CPU
		{7C4974E6-D145-4916-B174-A8863D61CE47}.Debug|Any CPU.Build.0 = Debug|Any CPU
		{7C4974E6-D145-4916-B174-A8863D61CE47}.Release|Any CPU.ActiveCfg = Release|Any CPU
		{7C4974E6-D145-4916-B174-A8863D61CE47}.Release|Any CPU.Build.0 = Release|Any CPU
		{3261D613-73B1-45C7-A690-B52157F26FC4}.Debug|Any CPU.ActiveCfg = Debug|Any CPU
		{3261D613-73B1-45C7-A690-B52157F26FC4}.Debug|Any CPU.Build.0 = Debug|Any CPU
		{3261D613-73B1-45C7-A690-B52157F26FC4}.Release|Any CPU.ActiveCfg = Release|Any CPU
		{3261D613-73B1-45C7-A690-B52157F26FC4}.Release|Any CPU.Build.0 = Release|Any CPU
	EndGlobalSection
	GlobalSection(SolutionProperties) = preSolution
		HideSolutionNode = FALSE
	EndGlobalSection
	GlobalSection(ExtensibilityGlobals) = postSolution
		SolutionGuid = {C9FE277A-1B9F-4ADC-A03A-B44E86EB0A71}
	EndGlobalSection
EndGlobal
